
Microsoft Visual Studio Solution File, Format Version 12.00
# Visual Studio Version 17
VisualStudioVersion = 17.7.34031.279
MinimumVisualStudioVersion = 10.0.40219.1
Project("{FAE04EC0-301F-11D3-BF4B-00C04F79EFBC}") = "Maze", "Maze\Maze.csproj", "{513B1B5B-2825-4CC0-9C51-3DCF57C8DEA1}"
EndProject
Global
	GlobalSection(SolutionConfigurationPlatforms) = preSolution
		Debug|Any CPU = Debug|Any CPU
		Release|Any CPU = Release|Any CPU
	EndGlobalSection
	GlobalSection(ProjectConfigurationPlatforms) = postSolution
		{513B1B5B-2825-4CC0-9C51-3DCF57C8DEA1}.Debug|Any CPU.ActiveCfg = Debug|Any CPU
		{513B1B5B-2825-4CC0-9C51-3DCF57C8DEA1}.Debug|Any CPU.Build.0 = Debug|Any CPU
		{513B1B5B-2825-4CC0-9C51-3DCF57C8DEA1}.Release|Any CPU.ActiveCfg = Release|Any CPU
		{513B1B5B-2825-4CC0-9C51-3DCF57C8DEA1}.Release|Any CPU.Build.0 = Release|Any CPU
	EndGlobalSection
	GlobalSection(SolutionProperties) = preSolution
		HideSolutionNode = FALSE
	EndGlobalSection
	GlobalSection(ExtensibilityGlobals) = postSolution
		SolutionGuid = {41711002-84F5-4565-8A67-2265C343B270}
	EndGlobalSection
EndGlobal
